
Microsoft Visual Studio Solution File, Format Version 12.00
# Visual Studio Version 16
VisualStudioVersion = 16.0.32106.194
MinimumVisualStudioVersion = 10.0.40219.1
Project("{FAE04EC0-301F-11D3-BF4B-00C04F79EFBC}") = "Heartland", "Heartland\Heartland.csproj", "{55C85615-263D-4F3A-A62C-E8FFD7E4C567}"
EndProject
Global
	GlobalSection(SolutionConfigurationPlatforms) = preSolution
		Debug|Any CPU = Debug|Any CPU
		Release|Any CPU = Release|Any CPU
	EndGlobalSection
	GlobalSection(ProjectConfigurationPlatforms) = postSolution
		{55C85615-263D-4F3A-A62C-E8FFD7E4C567}.Debug|Any CPU.ActiveCfg = Debug|Any CPU
		{55C85615-263D-4F3A-A62C-E8FFD7E4C567}.Debug|Any CPU.Build.0 = Debug|Any CPU
		{55C85615-263D-4F3A-A62C-E8FFD7E4C567}.Release|Any CPU.ActiveCfg = Release|Any CPU
		{55C85615-263D-4F3A-A62C-E8FFD7E4C567}.Release|Any CPU.Build.0 = Release|Any CPU
	EndGlobalSection
	GlobalSection(SolutionProperties) = preSolution
		HideSolutionNode = FALSE
	EndGlobalSection
	GlobalSection(ExtensibilityGlobals) = postSolution
		SolutionGuid = {4D7898D5-893A-4B56-BBB5-D573D5A09194}
	EndGlobalSection
EndGlobal
